
Microsoft Visual Studio Solution File, Format Version 12.00
# Visual Studio Version 17
VisualStudioVersion = 17.0.32014.148
MinimumVisualStudioVersion = 10.0.40219.1
Project("{FAE04EC0-301F-11D3-BF4B-00C04F79EFBC}") = "diaDaSemanaSC", "diaDaSemanaSC\diaDaSemanaSC.csproj", "{99BE51BE-0284-4F2E-8CAC-ADA9BCC2A009}"
EndProject
Global
	GlobalSection(SolutionConfigurationPlatforms) = preSolution
		Debug|Any CPU = Debug|Any CPU
		Release|Any CPU = Release|Any CPU
	EndGlobalSection
	GlobalSection(ProjectConfigurationPlatforms) = postSolution
		{99BE51BE-0284-4F2E-8CAC-ADA9BCC2A009}.Debug|Any CPU.ActiveCfg = Debug|Any CPU
		{99BE51BE-0284-4F2E-8CAC-ADA9BCC2A009}.Debug|Any CPU.Build.0 = Debug|Any CPU
		{99BE51BE-0284-4F2E-8CAC-ADA9BCC2A009}.Release|Any CPU.ActiveCfg = Release|Any CPU
		{99BE51BE-0284-4F2E-8CAC-ADA9BCC2A009}.Release|Any CPU.Build.0 = Release|Any CPU
	EndGlobalSection
	GlobalSection(SolutionProperties) = preSolution
		HideSolutionNode = FALSE
	EndGlobalSection
	GlobalSection(ExtensibilityGlobals) = postSolution
		SolutionGuid = {606CD525-4436-4703-B909-60CEC24BE98A}
	EndGlobalSection
EndGlobal
