
Microsoft Visual Studio Solution File, Format Version 12.00
# Visual Studio Version 17
VisualStudioVersion = 17.0.32014.148
MinimumVisualStudioVersion = 10.0.40219.1
Project("{FAE04EC0-301F-11D3-BF4B-00C04F79EFBC}") = "salario", "salario\salario.csproj", "{C48DA1CD-53CB-4F88-B179-13624C6493D3}"
EndProject
Global
	GlobalSection(SolutionConfigurationPlatforms) = preSolution
		Debug|Any CPU = Debug|Any CPU
		Release|Any CPU = Release|Any CPU
	EndGlobalSection
	GlobalSection(ProjectConfigurationPlatforms) = postSolution
		{C48DA1CD-53CB-4F88-B179-13624C6493D3}.Debug|Any CPU.ActiveCfg = Debug|Any CPU
		{C48DA1CD-53CB-4F88-B179-13624C6493D3}.Debug|Any CPU.Build.0 = Debug|Any CPU
		{C48DA1CD-53CB-4F88-B179-13624C6493D3}.Release|Any CPU.ActiveCfg = Release|Any CPU
		{C48DA1CD-53CB-4F88-B179-13624C6493D3}.Release|Any CPU.Build.0 = Release|Any CPU
	EndGlobalSection
	GlobalSection(SolutionProperties) = preSolution
		HideSolutionNode = FALSE
	EndGlobalSection
	GlobalSection(ExtensibilityGlobals) = postSolution
		SolutionGuid = {E4E57C2D-AFDF-482F-A68E-FB0D2EFA0B39}
	EndGlobalSection
EndGlobal
