
Microsoft Visual Studio Solution File, Format Version 12.00
# Visual Studio Version 17
VisualStudioVersion = 17.0.32014.148
MinimumVisualStudioVersion = 10.0.40219.1
Project("{FAE04EC0-301F-11D3-BF4B-00C04F79EFBC}") = "media2", "media2\media2.csproj", "{1AC5DD60-C363-4A51-887C-7C7FE6ED9B28}"
EndProject
Global
	GlobalSection(SolutionConfigurationPlatforms) = preSolution
		Debug|Any CPU = Debug|Any CPU
		Release|Any CPU = Release|Any CPU
	EndGlobalSection
	GlobalSection(ProjectConfigurationPlatforms) = postSolution
		{1AC5DD60-C363-4A51-887C-7C7FE6ED9B28}.Debug|Any CPU.ActiveCfg = Debug|Any CPU
		{1AC5DD60-C363-4A51-887C-7C7FE6ED9B28}.Debug|Any CPU.Build.0 = Debug|Any CPU
		{1AC5DD60-C363-4A51-887C-7C7FE6ED9B28}.Release|Any CPU.ActiveCfg = Release|Any CPU
		{1AC5DD60-C363-4A51-887C-7C7FE6ED9B28}.Release|Any CPU.Build.0 = Release|Any CPU
	EndGlobalSection
	GlobalSection(SolutionProperties) = preSolution
		HideSolutionNode = FALSE
	EndGlobalSection
	GlobalSection(ExtensibilityGlobals) = postSolution
		SolutionGuid = {7E002C24-6744-4400-B1AC-1DDC22AF054B}
	EndGlobalSection
EndGlobal
