
Microsoft Visual Studio Solution File, Format Version 12.00
# Visual Studio Version 17
VisualStudioVersion = 17.0.32014.148
MinimumVisualStudioVersion = 10.0.40219.1
Project("{FAE04EC0-301F-11D3-BF4B-00C04F79EFBC}") = "tipoDeCombustivel", "tipoDeCombustivel\tipoDeCombustivel.csproj", "{74680C03-A45C-4A9E-AA83-1C2C9D46E4CE}"
EndProject
Global
	GlobalSection(SolutionConfigurationPlatforms) = preSolution
		Debug|Any CPU = Debug|Any CPU
		Release|Any CPU = Release|Any CPU
	EndGlobalSection
	GlobalSection(ProjectConfigurationPlatforms) = postSolution
		{74680C03-A45C-4A9E-AA83-1C2C9D46E4CE}.Debug|Any CPU.ActiveCfg = Debug|Any CPU
		{74680C03-A45C-4A9E-AA83-1C2C9D46E4CE}.Debug|Any CPU.Build.0 = Debug|Any CPU
		{74680C03-A45C-4A9E-AA83-1C2C9D46E4CE}.Release|Any CPU.ActiveCfg = Release|Any CPU
		{74680C03-A45C-4A9E-AA83-1C2C9D46E4CE}.Release|Any CPU.Build.0 = Release|Any CPU
	EndGlobalSection
	GlobalSection(SolutionProperties) = preSolution
		HideSolutionNode = FALSE
	EndGlobalSection
	GlobalSection(ExtensibilityGlobals) = postSolution
		SolutionGuid = {712999F5-E3B1-4C81-80A1-B6E1C4B0A8D2}
	EndGlobalSection
EndGlobal
