
Microsoft Visual Studio Solution File, Format Version 12.00
# Visual Studio Version 17
VisualStudioVersion = 17.0.32014.148
MinimumVisualStudioVersion = 10.0.40219.1
Project("{FAE04EC0-301F-11D3-BF4B-00C04F79EFBC}") = "notaValida", "notaValida\notaValida.csproj", "{986EC3E6-ED3E-441A-8799-42E5511EDBCA}"
EndProject
Global
	GlobalSection(SolutionConfigurationPlatforms) = preSolution
		Debug|Any CPU = Debug|Any CPU
		Release|Any CPU = Release|Any CPU
	EndGlobalSection
	GlobalSection(ProjectConfigurationPlatforms) = postSolution
		{986EC3E6-ED3E-441A-8799-42E5511EDBCA}.Debug|Any CPU.ActiveCfg = Debug|Any CPU
		{986EC3E6-ED3E-441A-8799-42E5511EDBCA}.Debug|Any CPU.Build.0 = Debug|Any CPU
		{986EC3E6-ED3E-441A-8799-42E5511EDBCA}.Release|Any CPU.ActiveCfg = Release|Any CPU
		{986EC3E6-ED3E-441A-8799-42E5511EDBCA}.Release|Any CPU.Build.0 = Release|Any CPU
	EndGlobalSection
	GlobalSection(SolutionProperties) = preSolution
		HideSolutionNode = FALSE
	EndGlobalSection
	GlobalSection(ExtensibilityGlobals) = postSolution
		SolutionGuid = {198860BE-71A1-42A0-9B48-527D5BBB9EF0}
	EndGlobalSection
EndGlobal
