
Microsoft Visual Studio Solution File, Format Version 12.00
# Visual Studio Version 17
VisualStudioVersion = 17.0.32014.148
MinimumVisualStudioVersion = 10.0.40219.1
Project("{FAE04EC0-301F-11D3-BF4B-00C04F79EFBC}") = "somaSimples", "somaSimples\somaSimples.csproj", "{4A7925BE-C88A-462D-B4B6-BEE7F95A6993}"
EndProject
Global
	GlobalSection(SolutionConfigurationPlatforms) = preSolution
		Debug|Any CPU = Debug|Any CPU
		Release|Any CPU = Release|Any CPU
	EndGlobalSection
	GlobalSection(ProjectConfigurationPlatforms) = postSolution
		{4A7925BE-C88A-462D-B4B6-BEE7F95A6993}.Debug|Any CPU.ActiveCfg = Debug|Any CPU
		{4A7925BE-C88A-462D-B4B6-BEE7F95A6993}.Debug|Any CPU.Build.0 = Debug|Any CPU
		{4A7925BE-C88A-462D-B4B6-BEE7F95A6993}.Release|Any CPU.ActiveCfg = Release|Any CPU
		{4A7925BE-C88A-462D-B4B6-BEE7F95A6993}.Release|Any CPU.Build.0 = Release|Any CPU
	EndGlobalSection
	GlobalSection(SolutionProperties) = preSolution
		HideSolutionNode = FALSE
	EndGlobalSection
	GlobalSection(ExtensibilityGlobals) = postSolution
		SolutionGuid = {C31AF4F4-F21E-433C-9098-DC4284E48FD8}
	EndGlobalSection
EndGlobal
