
Microsoft Visual Studio Solution File, Format Version 12.00
# Visual Studio Version 17
VisualStudioVersion = 17.0.32014.148
MinimumVisualStudioVersion = 10.0.40219.1
Project("{FAE04EC0-301F-11D3-BF4B-00C04F79EFBC}") = "salarioBonus", "salarioBonus\salarioBonus.csproj", "{2A79B9A1-96DF-40AA-9787-70C593A17EB9}"
EndProject
Global
	GlobalSection(SolutionConfigurationPlatforms) = preSolution
		Debug|Any CPU = Debug|Any CPU
		Release|Any CPU = Release|Any CPU
	EndGlobalSection
	GlobalSection(ProjectConfigurationPlatforms) = postSolution
		{2A79B9A1-96DF-40AA-9787-70C593A17EB9}.Debug|Any CPU.ActiveCfg = Debug|Any CPU
		{2A79B9A1-96DF-40AA-9787-70C593A17EB9}.Debug|Any CPU.Build.0 = Debug|Any CPU
		{2A79B9A1-96DF-40AA-9787-70C593A17EB9}.Release|Any CPU.ActiveCfg = Release|Any CPU
		{2A79B9A1-96DF-40AA-9787-70C593A17EB9}.Release|Any CPU.Build.0 = Release|Any CPU
	EndGlobalSection
	GlobalSection(SolutionProperties) = preSolution
		HideSolutionNode = FALSE
	EndGlobalSection
	GlobalSection(ExtensibilityGlobals) = postSolution
		SolutionGuid = {D532C5A2-FBB9-432B-BFC6-38DFAB03FCB3}
	EndGlobalSection
EndGlobal
