
Microsoft Visual Studio Solution File, Format Version 12.00
# Visual Studio Version 17
VisualStudioVersion = 17.0.32112.339
MinimumVisualStudioVersion = 10.0.40219.1
Project("{FAE04EC0-301F-11D3-BF4B-00C04F79EFBC}") = "matrizDiagonalNegativos", "matrizDiagonalNegativos\matrizDiagonalNegativos.csproj", "{F4C935C8-91D8-4BAA-B8CF-263BBCE07BEA}"
EndProject
Global
	GlobalSection(SolutionConfigurationPlatforms) = preSolution
		Debug|Any CPU = Debug|Any CPU
		Release|Any CPU = Release|Any CPU
	EndGlobalSection
	GlobalSection(ProjectConfigurationPlatforms) = postSolution
		{F4C935C8-91D8-4BAA-B8CF-263BBCE07BEA}.Debug|Any CPU.ActiveCfg = Debug|Any CPU
		{F4C935C8-91D8-4BAA-B8CF-263BBCE07BEA}.Debug|Any CPU.Build.0 = Debug|Any CPU
		{F4C935C8-91D8-4BAA-B8CF-263BBCE07BEA}.Release|Any CPU.ActiveCfg = Release|Any CPU
		{F4C935C8-91D8-4BAA-B8CF-263BBCE07BEA}.Release|Any CPU.Build.0 = Release|Any CPU
	EndGlobalSection
	GlobalSection(SolutionProperties) = preSolution
		HideSolutionNode = FALSE
	EndGlobalSection
	GlobalSection(ExtensibilityGlobals) = postSolution
		SolutionGuid = {7782F569-428C-46FF-ADF9-30838ECD6834}
	EndGlobalSection
EndGlobal
