
Microsoft Visual Studio Solution File, Format Version 12.00
# Visual Studio Version 17
VisualStudioVersion = 17.0.32014.148
MinimumVisualStudioVersion = 10.0.40219.1
Project("{FAE04EC0-301F-11D3-BF4B-00C04F79EFBC}") = "multiplos", "multiplos\multiplos.csproj", "{2BA508F1-0099-4E44-96AC-CE8B08FD96DF}"
EndProject
Global
	GlobalSection(SolutionConfigurationPlatforms) = preSolution
		Debug|Any CPU = Debug|Any CPU
		Release|Any CPU = Release|Any CPU
	EndGlobalSection
	GlobalSection(ProjectConfigurationPlatforms) = postSolution
		{2BA508F1-0099-4E44-96AC-CE8B08FD96DF}.Debug|Any CPU.ActiveCfg = Debug|Any CPU
		{2BA508F1-0099-4E44-96AC-CE8B08FD96DF}.Debug|Any CPU.Build.0 = Debug|Any CPU
		{2BA508F1-0099-4E44-96AC-CE8B08FD96DF}.Release|Any CPU.ActiveCfg = Release|Any CPU
		{2BA508F1-0099-4E44-96AC-CE8B08FD96DF}.Release|Any CPU.Build.0 = Release|Any CPU
	EndGlobalSection
	GlobalSection(SolutionProperties) = preSolution
		HideSolutionNode = FALSE
	EndGlobalSection
	GlobalSection(ExtensibilityGlobals) = postSolution
		SolutionGuid = {1D356884-2DEB-4F46-BEA9-B01CCB5755A2}
	EndGlobalSection
EndGlobal
