
Microsoft Visual Studio Solution File, Format Version 12.00
# Visual Studio Version 17
VisualStudioVersion = 17.0.32112.339
MinimumVisualStudioVersion = 10.0.40219.1
Project("{FAE04EC0-301F-11D3-BF4B-00C04F79EFBC}") = "vetorNumerosNegativos", "vetorNumerosNegativos\vetorNumerosNegativos.csproj", "{B283D182-262B-4D8E-88D5-240BC260CDBD}"
EndProject
Global
	GlobalSection(SolutionConfigurationPlatforms) = preSolution
		Debug|Any CPU = Debug|Any CPU
		Release|Any CPU = Release|Any CPU
	EndGlobalSection
	GlobalSection(ProjectConfigurationPlatforms) = postSolution
		{B283D182-262B-4D8E-88D5-240BC260CDBD}.Debug|Any CPU.ActiveCfg = Debug|Any CPU
		{B283D182-262B-4D8E-88D5-240BC260CDBD}.Debug|Any CPU.Build.0 = Debug|Any CPU
		{B283D182-262B-4D8E-88D5-240BC260CDBD}.Release|Any CPU.ActiveCfg = Release|Any CPU
		{B283D182-262B-4D8E-88D5-240BC260CDBD}.Release|Any CPU.Build.0 = Release|Any CPU
	EndGlobalSection
	GlobalSection(SolutionProperties) = preSolution
		HideSolutionNode = FALSE
	EndGlobalSection
	GlobalSection(ExtensibilityGlobals) = postSolution
		SolutionGuid = {44B99678-2C08-41CB-B7BB-C8116DDE5056}
	EndGlobalSection
EndGlobal
