
Microsoft Visual Studio Solution File, Format Version 12.00
# Visual Studio Version 17
VisualStudioVersion = 17.0.32014.148
MinimumVisualStudioVersion = 10.0.40219.1
Project("{FAE04EC0-301F-11D3-BF4B-00C04F79EFBC}") = "calculoEsfera", "calculoEsfera\calculoEsfera.csproj", "{548B53A7-D742-4779-8DB5-41AFB728AFF2}"
EndProject
Global
	GlobalSection(SolutionConfigurationPlatforms) = preSolution
		Debug|Any CPU = Debug|Any CPU
		Release|Any CPU = Release|Any CPU
	EndGlobalSection
	GlobalSection(ProjectConfigurationPlatforms) = postSolution
		{548B53A7-D742-4779-8DB5-41AFB728AFF2}.Debug|Any CPU.ActiveCfg = Debug|Any CPU
		{548B53A7-D742-4779-8DB5-41AFB728AFF2}.Debug|Any CPU.Build.0 = Debug|Any CPU
		{548B53A7-D742-4779-8DB5-41AFB728AFF2}.Release|Any CPU.ActiveCfg = Release|Any CPU
		{548B53A7-D742-4779-8DB5-41AFB728AFF2}.Release|Any CPU.Build.0 = Release|Any CPU
	EndGlobalSection
	GlobalSection(SolutionProperties) = preSolution
		HideSolutionNode = FALSE
	EndGlobalSection
	GlobalSection(ExtensibilityGlobals) = postSolution
		SolutionGuid = {2761AFAB-7D12-4930-A740-CCC8D1F1E89C}
	EndGlobalSection
EndGlobal
