
Microsoft Visual Studio Solution File, Format Version 12.00
# Visual Studio Version 17
VisualStudioVersion = 17.0.32014.148
MinimumVisualStudioVersion = 10.0.40219.1
Project("{FAE04EC0-301F-11D3-BF4B-00C04F79EFBC}") = "produtoSimples", "produtoSimples\produtoSimples.csproj", "{21A9763D-604D-4A40-9448-4134AE78AE10}"
EndProject
Global
	GlobalSection(SolutionConfigurationPlatforms) = preSolution
		Debug|Any CPU = Debug|Any CPU
		Release|Any CPU = Release|Any CPU
	EndGlobalSection
	GlobalSection(ProjectConfigurationPlatforms) = postSolution
		{21A9763D-604D-4A40-9448-4134AE78AE10}.Debug|Any CPU.ActiveCfg = Debug|Any CPU
		{21A9763D-604D-4A40-9448-4134AE78AE10}.Debug|Any CPU.Build.0 = Debug|Any CPU
		{21A9763D-604D-4A40-9448-4134AE78AE10}.Release|Any CPU.ActiveCfg = Release|Any CPU
		{21A9763D-604D-4A40-9448-4134AE78AE10}.Release|Any CPU.Build.0 = Release|Any CPU
	EndGlobalSection
	GlobalSection(SolutionProperties) = preSolution
		HideSolutionNode = FALSE
	EndGlobalSection
	GlobalSection(ExtensibilityGlobals) = postSolution
		SolutionGuid = {1335CBF4-A633-4213-8CB1-0877FD568E0D}
	EndGlobalSection
EndGlobal
